{
  "version": 4,
  "terraform_version": "1.2.9",
  "serial": 188,
  "lineage": "5e045428-9c5d-6989-bf10-a2c711da6b04",
  "outputs": {
    "ALL_USERS": {
      "value": {
        "USERS": {
          "TEST_TERRAFORM_USER_1": {
            "comment": "",
            "default_namespace": "",
            "default_role": "public",
            "default_warehouse": "WH_SMALL_MARKETING",
            "disabled": false,
            "display_name": "test_firstname 1 test_lastname 1",
            "email": "user1@snowflake.example",
            "first_name": "test_firstname 1",
            "has_rsa_public_key": false,
            "id": "TEST_TERRAFORM_USER_1",
            "last_name": "test_lastname 1",
            "login_name": "TEST_TERRAFORM_USER_1",
            "must_change_password": null,
            "name": "TEST_TERRAFORM_USER_1",
            "password": null,
            "rsa_public_key": null,
            "rsa_public_key_2": null
          },
          "TEST_TERRAFORM_USER_3": {
            "comment": "",
            "default_namespace": "",
            "default_role": "public",
            "default_warehouse": "WH_SMALL_MARKETING",
            "disabled": false,
            "display_name": "test_firstname 3 test_lastname 3",
            "email": "user3@snowflake.example",
            "first_name": "test_firstname 3",
            "has_rsa_public_key": false,
            "id": "TEST_TERRAFORM_USER_3",
            "last_name": "test_lastname 3",
            "login_name": "TEST_TERRAFORM_USER_3",
            "must_change_password": null,
            "name": "TEST_TERRAFORM_USER_3",
            "password": null,
            "rsa_public_key": null,
            "rsa_public_key_2": null
          },
          "TEST_TERRAFORM_USER_4": {
            "comment": "",
            "default_namespace": "",
            "default_role": "PUBLIC",
            "default_warehouse": "COMPUTE_WH",
            "disabled": false,
            "display_name": "test_firstname 4 test_lastname 4",
            "email": "user4@snowflake.example",
            "first_name": "test_firstname 4",
            "has_rsa_public_key": false,
            "id": "TEST_TERRAFORM_USER_4",
            "last_name": "test_lastname 4",
            "login_name": "TEST_TERRAFORM_USER_4",
            "must_change_password": null,
            "name": "TEST_TERRAFORM_USER_4",
            "password": null,
            "rsa_public_key": null,
            "rsa_public_key_2": null
          }
        }
      },
      "type": [
        "object",
        {
          "USERS": [
            "object",
            {
              "TEST_TERRAFORM_USER_1": [
                "object",
                {
                  "comment": "string",
                  "default_namespace": "string",
                  "default_role": "string",
                  "default_warehouse": "string",
                  "disabled": "bool",
                  "display_name": "string",
                  "email": "string",
                  "first_name": "string",
                  "has_rsa_public_key": "bool",
                  "id": "string",
                  "last_name": "string",
                  "login_name": "string",
                  "must_change_password": "bool",
                  "name": "string",
                  "password": "string",
                  "rsa_public_key": "string",
                  "rsa_public_key_2": "string"
                }
              ],
              "TEST_TERRAFORM_USER_3": [
                "object",
                {
                  "comment": "string",
                  "default_namespace": "string",
                  "default_role": "string",
                  "default_warehouse": "string",
                  "disabled": "bool",
                  "display_name": "string",
                  "email": "string",
                  "first_name": "string",
                  "has_rsa_public_key": "bool",
                  "id": "string",
                  "last_name": "string",
                  "login_name": "string",
                  "must_change_password": "bool",
                  "name": "string",
                  "password": "string",
                  "rsa_public_key": "string",
                  "rsa_public_key_2": "string"
                }
              ],
              "TEST_TERRAFORM_USER_4": [
                "object",
                {
                  "comment": "string",
                  "default_namespace": "string",
                  "default_role": "string",
                  "default_warehouse": "string",
                  "disabled": "bool",
                  "display_name": "string",
                  "email": "string",
                  "first_name": "string",
                  "has_rsa_public_key": "bool",
                  "id": "string",
                  "last_name": "string",
                  "login_name": "string",
                  "must_change_password": "bool",
                  "name": "string",
                  "password": "string",
                  "rsa_public_key": "string",
                  "rsa_public_key_2": "string"
                }
              ]
            }
          ]
        }
      ],
      "sensitive": true
    }
  },
  "resources": [
    {
      "mode": "managed",
      "type": "snowflake_database",
      "name": "TEST_TERRAFORM_DB",
      "provider": "provider[\"registry.terraform.io/chanzuckerberg/snowflake\"]",
      "instances": [
        {
          "schema_version": 0,
          "attributes": {
            "comment": "my first terraform database",
            "data_retention_time_in_days": 1,
            "from_database": null,
            "from_share": null,
            "id": "TEST_TERRAFORM_DB",
            "name": "TEST_TERRAFORM_DB"
          },
          "sensitive_attributes": [],
          "private": "bnVsbA=="
        }
      ]
    },
    {
      "mode": "managed",
      "type": "snowflake_database",
      "name": "TEST_TERRAFORM_DB_2",
      "provider": "provider[\"registry.terraform.io/chanzuckerberg/snowflake\"]",
      "instances": [
        {
          "schema_version": 0,
          "attributes": {
            "comment": "my first terraform database",
            "data_retention_time_in_days": 1,
            "from_database": null,
            "from_share": null,
            "id": "TEST_TERRAFORM_DB_2",
            "name": "TEST_TERRAFORM_DB_2"
          },
          "sensitive_attributes": [],
          "private": "bnVsbA=="
        }
      ]
    },
    {
      "mode": "managed",
      "type": "snowflake_database_grant",
      "name": "TEST_TERRAFORM_DB_GRANT",
      "provider": "provider[\"registry.terraform.io/chanzuckerberg/snowflake\"]",
      "instances": [
        {
          "schema_version": 0,
          "attributes": {
            "database_name": "TEST_TERRAFORM_DB",
            "id": "TEST_TERRAFORM_DB|||USAGE|false",
            "privilege": "USAGE",
            "roles": [
              "RL_MARKETING",
              "RL_SALES"
            ],
            "shares": [],
            "with_grant_option": false
          },
          "sensitive_attributes": [],
          "private": "bnVsbA==",
          "dependencies": [
            "snowflake_database.TEST_TERRAFORM_DB",
            "snowflake_role.RL_MARKETING",
            "snowflake_role.RL_SALES"
          ]
        }
      ]
    },
    {
      "mode": "managed",
      "type": "snowflake_role",
      "name": "RL_MARKETING",
      "provider": "provider[\"registry.terraform.io/chanzuckerberg/snowflake\"]",
      "instances": [
        {
          "schema_version": 0,
          "attributes": {
            "comment": "A role for some marketers",
            "id": "RL_MARKETING",
            "name": "RL_MARKETING"
          },
          "sensitive_attributes": [],
          "private": "bnVsbA=="
        }
      ]
    },
    {
      "mode": "managed",
      "type": "snowflake_role",
      "name": "RL_SALES",
      "provider": "provider[\"registry.terraform.io/chanzuckerberg/snowflake\"]",
      "instances": [
        {
          "schema_version": 0,
          "attributes": {
            "comment": "A role for all sales",
            "id": "RL_SALES",
            "name": "RL_SALES"
          },
          "sensitive_attributes": [],
          "private": "bnVsbA=="
        }
      ]
    },
    {
      "mode": "managed",
      "type": "snowflake_role_grants",
      "name": "MARKETING_GRANTS",
      "provider": "provider[\"registry.terraform.io/chanzuckerberg/snowflake\"]",
      "instances": [
        {
          "schema_version": 0,
          "attributes": {
            "id": "RL_MARKETING",
            "role_name": "RL_MARKETING",
            "roles": [
              "ACCOUNTADMIN"
            ],
            "users": [
              "TEST_TERRAFORM_USER_1"
            ]
          },
          "sensitive_attributes": [],
          "private": "bnVsbA==",
          "dependencies": [
            "module.ALL_USERS.snowflake_user.USERS",
            "module.WH_SMALL_MARKETING.snowflake_warehouse.WAREHOUSE",
            "snowflake_role.RL_MARKETING"
          ]
        }
      ]
    },
    {
      "mode": "managed",
      "type": "snowflake_role_grants",
      "name": "SALES_GRANTS",
      "provider": "provider[\"registry.terraform.io/chanzuckerberg/snowflake\"]",
      "instances": [
        {
          "schema_version": 0,
          "attributes": {
            "id": "RL_SALES",
            "role_name": "RL_SALES",
            "roles": [
              "ACCOUNTADMIN"
            ],
            "users": [
              "TEST_TERRAFORM_USER_1"
            ]
          },
          "sensitive_attributes": [],
          "private": "bnVsbA==",
          "dependencies": [
            "module.ALL_USERS.snowflake_user.USERS",
            "module.WH_SMALL_MARKETING.snowflake_warehouse.WAREHOUSE",
            "snowflake_role.RL_SALES"
          ]
        }
      ]
    },
    {
      "mode": "managed",
      "type": "snowflake_schema",
      "name": "ADS",
      "provider": "provider[\"registry.terraform.io/chanzuckerberg/snowflake\"]",
      "instances": [
        {
          "schema_version": 0,
          "attributes": {
            "comment": "A schema for understanding ads thet were run",
            "data_retention_days": 1,
            "database": "TEST_TERRAFORM_DB",
            "id": "TEST_TERRAFORM_DB|ADS",
            "is_managed": false,
            "is_transient": false,
            "name": "ADS"
          },
          "sensitive_attributes": [],
          "private": "bnVsbA==",
          "dependencies": [
            "snowflake_database.TEST_TERRAFORM_DB"
          ]
        }
      ]
    },
    {
      "mode": "managed",
      "type": "snowflake_schema",
      "name": "SALES",
      "provider": "provider[\"registry.terraform.io/chanzuckerberg/snowflake\"]",
      "instances": [
        {
          "schema_version": 0,
          "attributes": {
            "comment": "A schema for understanding ads thet were run",
            "data_retention_days": 1,
            "database": "TEST_TERRAFORM_DB",
            "id": "TEST_TERRAFORM_DB|SALES",
            "is_managed": false,
            "is_transient": false,
            "name": "SALES"
          },
          "sensitive_attributes": [],
          "private": "bnVsbA==",
          "dependencies": [
            "snowflake_database.TEST_TERRAFORM_DB"
          ]
        }
      ]
    },
    {
      "mode": "managed",
      "type": "snowflake_schema_grant",
      "name": "ADS_USAGE_GRANT",
      "provider": "provider[\"registry.terraform.io/chanzuckerberg/snowflake\"]",
      "instances": [
        {
          "schema_version": 0,
          "attributes": {
            "database_name": "TEST_TERRAFORM_DB",
            "id": "TEST_TERRAFORM_DB|ADS||USAGE|false",
            "on_future": false,
            "privilege": "USAGE",
            "roles": [
              "RL_MARKETING"
            ],
            "schema_name": "ADS",
            "shares": [],
            "with_grant_option": false
          },
          "sensitive_attributes": [],
          "private": "bnVsbA==",
          "dependencies": [
            "snowflake_database.TEST_TERRAFORM_DB",
            "snowflake_role.RL_MARKETING",
            "snowflake_schema.ADS"
          ]
        }
      ]
    },
    {
      "mode": "managed",
      "type": "snowflake_schema_grant",
      "name": "SCHEMA_SALES_USAGE_GRANT",
      "provider": "provider[\"registry.terraform.io/chanzuckerberg/snowflake\"]",
      "instances": [
        {
          "schema_version": 0,
          "attributes": {
            "database_name": "TEST_TERRAFORM_DB",
            "id": "TEST_TERRAFORM_DB|SALES||USAGE|false",
            "on_future": false,
            "privilege": "USAGE",
            "roles": [
              "RL_SALES"
            ],
            "schema_name": "SALES",
            "shares": [],
            "with_grant_option": false
          },
          "sensitive_attributes": [],
          "private": "bnVsbA==",
          "dependencies": [
            "snowflake_database.TEST_TERRAFORM_DB",
            "snowflake_role.RL_SALES",
            "snowflake_schema.SALES"
          ]
        }
      ]
    },
    {
      "mode": "managed",
      "type": "snowflake_table",
      "name": "FACEBOOK_ADS",
      "provider": "provider[\"registry.terraform.io/chanzuckerberg/snowflake\"]",
      "instances": [
        {
          "schema_version": 0,
          "attributes": {
            "change_tracking": false,
            "cluster_by": [],
            "column": [
              {
                "comment": "",
                "default": [],
                "name": "ID",
                "nullable": false,
                "type": "NUMBER(38,0)"
              },
              {
                "comment": "",
                "default": [],
                "name": "AD_NAME",
                "nullable": false,
                "type": "VARCHAR(16777216)"
              },
              {
                "comment": "",
                "default": [],
                "name": "AD_DATE",
                "nullable": true,
                "type": "TIMESTAMP_NTZ(9)"
              },
              {
                "comment": "extra data",
                "default": [],
                "name": "EXTRA",
                "nullable": true,
                "type": "VARIANT"
              }
            ],
            "comment": "Table to track ads success.",
            "data_retention_days": 1,
            "database": "TEST_TERRAFORM_DB",
            "id": "TEST_TERRAFORM_DB|ADS|FACEBOOK_ADS",
            "name": "FACEBOOK_ADS",
            "owner": "ACCOUNTADMIN",
            "primary_key": [],
            "schema": "ADS"
          },
          "sensitive_attributes": [],
          "private": "bnVsbA==",
          "dependencies": [
            "snowflake_database.TEST_TERRAFORM_DB",
            "snowflake_schema.ADS"
          ]
        }
      ]
    },
    {
      "mode": "managed",
      "type": "snowflake_table",
      "name": "TBL_EMPLOYEES",
      "provider": "provider[\"registry.terraform.io/chanzuckerberg/snowflake\"]",
      "instances": [
        {
          "schema_version": 0,
          "attributes": {
            "change_tracking": false,
            "cluster_by": [],
            "column": [
              {
                "comment": "",
                "default": [],
                "name": "ID",
                "nullable": false,
                "type": "NUMBER(38,0)"
              },
              {
                "comment": "",
                "default": [],
                "name": "NAME",
                "nullable": false,
                "type": "VARCHAR(16777216)"
              },
              {
                "comment": "",
                "default": [],
                "name": "CURRENT",
                "nullable": true,
                "type": "BOOLEAN"
              }
            ],
            "comment": "Table containing all employees.",
            "data_retention_days": 1,
            "database": "TEST_TERRAFORM_DB",
            "id": "TEST_TERRAFORM_DB|SALES|EMPLOYEES",
            "name": "EMPLOYEES",
            "owner": "ACCOUNTADMIN",
            "primary_key": [],
            "schema": "SALES"
          },
          "sensitive_attributes": [],
          "private": "bnVsbA==",
          "dependencies": [
            "snowflake_database.TEST_TERRAFORM_DB",
            "snowflake_schema.SALES"
          ]
        }
      ]
    },
    {
      "mode": "managed",
      "type": "snowflake_table_grant",
      "name": "FACEBOOK_ADS_SELECT_GRANT",
      "provider": "provider[\"registry.terraform.io/chanzuckerberg/snowflake\"]",
      "instances": [
        {
          "schema_version": 0,
          "attributes": {
            "database_name": "TEST_TERRAFORM_DB",
            "id": "TEST_TERRAFORM_DB|ADS|FACEBOOK_ADS|SELECT|false",
            "on_future": false,
            "privilege": "SELECT",
            "roles": [
              "RL_MARKETING"
            ],
            "schema_name": "ADS",
            "shares": [],
            "table_name": "FACEBOOK_ADS",
            "with_grant_option": false
          },
          "sensitive_attributes": [],
          "private": "bnVsbA==",
          "dependencies": [
            "snowflake_database.TEST_TERRAFORM_DB",
            "snowflake_role.RL_MARKETING",
            "snowflake_schema.ADS",
            "snowflake_table.FACEBOOK_ADS"
          ]
        }
      ]
    },
    {
      "mode": "managed",
      "type": "snowflake_table_grant",
      "name": "TBL_EMPLOYEES_SELECT_GRANT",
      "provider": "provider[\"registry.terraform.io/chanzuckerberg/snowflake\"]",
      "instances": [
        {
          "schema_version": 0,
          "attributes": {
            "database_name": "TEST_TERRAFORM_DB",
            "id": "TEST_TERRAFORM_DB|SALES|EMPLOYEES|SELECT|false",
            "on_future": false,
            "privilege": "SELECT",
            "roles": [
              "RL_SALES"
            ],
            "schema_name": "SALES",
            "shares": [],
            "table_name": "EMPLOYEES",
            "with_grant_option": false
          },
          "sensitive_attributes": [],
          "private": "bnVsbA==",
          "dependencies": [
            "snowflake_database.TEST_TERRAFORM_DB",
            "snowflake_role.RL_SALES",
            "snowflake_schema.SALES",
            "snowflake_table.TBL_EMPLOYEES"
          ]
        }
      ]
    },
    {
      "mode": "managed",
      "type": "snowflake_view",
      "name": "AGG_FACEBOOK_ADS",
      "provider": "provider[\"registry.terraform.io/chanzuckerberg/snowflake\"]",
      "instances": [
        {
          "schema_version": 0,
          "attributes": {
            "comment": "Aggregated facebook ads by date",
            "database": "TEST_TERRAFORM_DB",
            "id": "TEST_TERRAFORM_DB|ADS|AGG_FACEBOOK_ADS",
            "is_secure": false,
            "name": "AGG_FACEBOOK_ADS",
            "or_replace": false,
            "schema": "ADS",
            "statement": "select ad_date, count(1) AS total from ADS.FACEBOOK_ADS group by ad_date;\n"
          },
          "sensitive_attributes": [],
          "private": "bnVsbA==",
          "dependencies": [
            "snowflake_database.TEST_TERRAFORM_DB",
            "snowflake_schema.ADS"
          ]
        }
      ]
    },
    {
      "mode": "managed",
      "type": "snowflake_view",
      "name": "CURRENT_EMPLOYEES",
      "provider": "provider[\"registry.terraform.io/chanzuckerberg/snowflake\"]",
      "instances": [
        {
          "schema_version": 0,
          "attributes": {
            "comment": "Returns all current employees",
            "database": "TEST_TERRAFORM_DB",
            "id": "TEST_TERRAFORM_DB|SALES|CURRENT_EMPLOYEES",
            "is_secure": false,
            "name": "CURRENT_EMPLOYEES",
            "or_replace": false,
            "schema": "SALES",
            "statement": "select * from SALES.EMPLOYEES WHERE \"CURRENT\" = TRUE;\n"
          },
          "sensitive_attributes": [],
          "private": "bnVsbA==",
          "dependencies": [
            "snowflake_database.TEST_TERRAFORM_DB",
            "snowflake_schema.SALES"
          ]
        }
      ]
    },
    {
      "mode": "managed",
      "type": "snowflake_view_grant",
      "name": "AGG_FACEBOOK_ADS_SELECT_GRANT",
      "provider": "provider[\"registry.terraform.io/chanzuckerberg/snowflake\"]",
      "instances": [
        {
          "schema_version": 0,
          "attributes": {
            "database_name": "TEST_TERRAFORM_DB",
            "id": "TEST_TERRAFORM_DB|ADS|AGG_FACEBOOK_ADS|SELECT|false",
            "on_future": false,
            "privilege": "SELECT",
            "roles": [
              "RL_MARKETING"
            ],
            "schema_name": "ADS",
            "shares": [],
            "view_name": "AGG_FACEBOOK_ADS",
            "with_grant_option": false
          },
          "sensitive_attributes": [],
          "private": "bnVsbA==",
          "dependencies": [
            "snowflake_database.TEST_TERRAFORM_DB",
            "snowflake_role.RL_MARKETING",
            "snowflake_schema.ADS",
            "snowflake_view.AGG_FACEBOOK_ADS"
          ]
        }
      ]
    },
    {
      "mode": "managed",
      "type": "snowflake_view_grant",
      "name": "V_CURRENT_EMPLOYEES_SELECT_GRANT",
      "provider": "provider[\"registry.terraform.io/chanzuckerberg/snowflake\"]",
      "instances": [
        {
          "schema_version": 0,
          "attributes": {
            "database_name": "TEST_TERRAFORM_DB",
            "id": "TEST_TERRAFORM_DB|SALES|CURRENT_EMPLOYEES|SELECT|false",
            "on_future": false,
            "privilege": "SELECT",
            "roles": [
              "RL_SALES"
            ],
            "schema_name": "SALES",
            "shares": [],
            "view_name": "CURRENT_EMPLOYEES",
            "with_grant_option": false
          },
          "sensitive_attributes": [],
          "private": "bnVsbA==",
          "dependencies": [
            "snowflake_database.TEST_TERRAFORM_DB",
            "snowflake_role.RL_SALES",
            "snowflake_schema.SALES",
            "snowflake_view.CURRENT_EMPLOYEES"
          ]
        }
      ]
    },
    {
      "mode": "managed",
      "type": "snowflake_warehouse",
      "name": "WH_MEDIUM_MARKETING",
      "provider": "provider[\"registry.terraform.io/chanzuckerberg/snowflake\"]",
      "instances": [
        {
          "schema_version": 0,
          "attributes": {
            "auto_resume": true,
            "auto_suspend": 60,
            "comment": "A medium warehouse for the marketing team.",
            "id": "WH_MEDIUM_MARKETING",
            "initially_suspended": null,
            "max_cluster_count": 0,
            "max_concurrency_level": 0,
            "min_cluster_count": 0,
            "name": "WH_MEDIUM_MARKETING",
            "resource_monitor": "null",
            "scaling_policy": "",
            "statement_queued_timeout_in_seconds": 0,
            "statement_timeout_in_seconds": 0,
            "wait_for_provisioning": null,
            "warehouse_size": "Medium"
          },
          "sensitive_attributes": [],
          "private": "bnVsbA=="
        }
      ]
    },
    {
      "mode": "managed",
      "type": "snowflake_warehouse",
      "name": "WH_XSMALL_MARKETING",
      "provider": "provider[\"registry.terraform.io/chanzuckerberg/snowflake\"]",
      "instances": [
        {
          "schema_version": 0,
          "attributes": {
            "auto_resume": true,
            "auto_suspend": 60,
            "comment": "A x-small warehouse for the marketing team.",
            "id": "WH_XSMALL_MARKETING",
            "initially_suspended": null,
            "max_cluster_count": 0,
            "max_concurrency_level": 0,
            "min_cluster_count": 0,
            "name": "WH_XSMALL_MARKETING",
            "resource_monitor": "null",
            "scaling_policy": "",
            "statement_queued_timeout_in_seconds": 0,
            "statement_timeout_in_seconds": 0,
            "wait_for_provisioning": null,
            "warehouse_size": "X-Small"
          },
          "sensitive_attributes": [],
          "private": "bnVsbA=="
        }
      ]
    },
    {
      "mode": "managed",
      "type": "snowflake_warehouse",
      "name": "WH_XSMALL_SALES",
      "provider": "provider[\"registry.terraform.io/chanzuckerberg/snowflake\"]",
      "instances": [
        {
          "schema_version": 0,
          "attributes": {
            "auto_resume": true,
            "auto_suspend": 60,
            "comment": "A x-small warehouse for the sales team.",
            "id": "WH_XSMALL_SALES",
            "initially_suspended": null,
            "max_cluster_count": 0,
            "max_concurrency_level": 0,
            "min_cluster_count": 0,
            "name": "WH_XSMALL_SALES",
            "resource_monitor": "null",
            "scaling_policy": "",
            "statement_queued_timeout_in_seconds": 0,
            "statement_timeout_in_seconds": 0,
            "wait_for_provisioning": null,
            "warehouse_size": "X-Small"
          },
          "sensitive_attributes": [],
          "private": "bnVsbA=="
        }
      ]
    },
    {
      "mode": "managed",
      "type": "snowflake_warehouse_grant",
      "name": "WH_MEDIUM_MARKETING_USAGE_GRANT",
      "provider": "provider[\"registry.terraform.io/chanzuckerberg/snowflake\"]",
      "instances": [
        {
          "schema_version": 0,
          "attributes": {
            "id": "WH_MEDIUM_MARKETING|||USAGE|false",
            "privilege": "USAGE",
            "roles": [
              "RL_MARKETING"
            ],
            "warehouse_name": "WH_MEDIUM_MARKETING",
            "with_grant_option": false
          },
          "sensitive_attributes": [],
          "private": "bnVsbA==",
          "dependencies": [
            "snowflake_role.RL_MARKETING",
            "snowflake_warehouse.WH_MEDIUM_MARKETING"
          ]
        }
      ]
    },
    {
      "mode": "managed",
      "type": "snowflake_warehouse_grant",
      "name": "WH_XSMALL_MARKETING_USAGE_GRANT",
      "provider": "provider[\"registry.terraform.io/chanzuckerberg/snowflake\"]",
      "instances": [
        {
          "schema_version": 0,
          "attributes": {
            "id": "WH_XSMALL_MARKETING|||USAGE|false",
            "privilege": "USAGE",
            "roles": [
              "RL_MARKETING"
            ],
            "warehouse_name": "WH_XSMALL_MARKETING",
            "with_grant_option": false
          },
          "sensitive_attributes": [],
          "private": "bnVsbA==",
          "dependencies": [
            "snowflake_role.RL_MARKETING",
            "snowflake_warehouse.WH_XSMALL_MARKETING"
          ]
        }
      ]
    },
    {
      "mode": "managed",
      "type": "snowflake_warehouse_grant",
      "name": "WH_XSMALL_SALES_USAGE_GRANT",
      "provider": "provider[\"registry.terraform.io/chanzuckerberg/snowflake\"]",
      "instances": [
        {
          "schema_version": 0,
          "attributes": {
            "id": "WH_XSMALL_SALES|||USAGE|false",
            "privilege": "USAGE",
            "roles": [
              "RL_SALES"
            ],
            "warehouse_name": "WH_XSMALL_SALES",
            "with_grant_option": false
          },
          "sensitive_attributes": [],
          "private": "bnVsbA==",
          "dependencies": [
            "snowflake_role.RL_SALES",
            "snowflake_warehouse.WH_XSMALL_SALES"
          ]
        }
      ]
    },
    {
      "module": "module.ALL_USERS",
      "mode": "managed",
      "type": "snowflake_user",
      "name": "USERS",
      "provider": "provider[\"registry.terraform.io/chanzuckerberg/snowflake\"]",
      "instances": [
        {
          "index_key": "TEST_TERRAFORM_USER_1",
          "schema_version": 0,
          "attributes": {
            "comment": "",
            "default_namespace": "",
            "default_role": "public",
            "default_warehouse": "WH_SMALL_MARKETING",
            "disabled": false,
            "display_name": "test_firstname 1 test_lastname 1",
            "email": "user1@snowflake.example",
            "first_name": "test_firstname 1",
            "has_rsa_public_key": false,
            "id": "TEST_TERRAFORM_USER_1",
            "last_name": "test_lastname 1",
            "login_name": "TEST_TERRAFORM_USER_1",
            "must_change_password": null,
            "name": "TEST_TERRAFORM_USER_1",
            "password": null,
            "rsa_public_key": null,
            "rsa_public_key_2": null
          },
          "sensitive_attributes": [],
          "private": "bnVsbA==",
          "dependencies": [
            "module.WH_SMALL_MARKETING.snowflake_warehouse.WAREHOUSE"
          ]
        },
        {
          "index_key": "TEST_TERRAFORM_USER_3",
          "schema_version": 0,
          "attributes": {
            "comment": "",
            "default_namespace": "",
            "default_role": "public",
            "default_warehouse": "WH_SMALL_MARKETING",
            "disabled": false,
            "display_name": "test_firstname 3 test_lastname 3",
            "email": "user3@snowflake.example",
            "first_name": "test_firstname 3",
            "has_rsa_public_key": false,
            "id": "TEST_TERRAFORM_USER_3",
            "last_name": "test_lastname 3",
            "login_name": "TEST_TERRAFORM_USER_3",
            "must_change_password": null,
            "name": "TEST_TERRAFORM_USER_3",
            "password": null,
            "rsa_public_key": null,
            "rsa_public_key_2": null
          },
          "sensitive_attributes": [],
          "private": "bnVsbA==",
          "dependencies": [
            "module.WH_SMALL_MARKETING.snowflake_warehouse.WAREHOUSE"
          ]
        },
        {
          "index_key": "TEST_TERRAFORM_USER_4",
          "schema_version": 0,
          "attributes": {
            "comment": "",
            "default_namespace": "",
            "default_role": "PUBLIC",
            "default_warehouse": "COMPUTE_WH",
            "disabled": false,
            "display_name": "test_firstname 4 test_lastname 4",
            "email": "user4@snowflake.example",
            "first_name": "test_firstname 4",
            "has_rsa_public_key": false,
            "id": "TEST_TERRAFORM_USER_4",
            "last_name": "test_lastname 4",
            "login_name": "TEST_TERRAFORM_USER_4",
            "must_change_password": null,
            "name": "TEST_TERRAFORM_USER_4",
            "password": null,
            "rsa_public_key": null,
            "rsa_public_key_2": null
          },
          "sensitive_attributes": [],
          "private": "bnVsbA==",
          "dependencies": [
            "module.WH_SMALL_MARKETING.snowflake_warehouse.WAREHOUSE"
          ]
        }
      ]
    },
    {
      "module": "module.WH_SMALL_MARKETING",
      "mode": "managed",
      "type": "snowflake_warehouse",
      "name": "WAREHOUSE",
      "provider": "provider[\"registry.terraform.io/chanzuckerberg/snowflake\"]",
      "instances": [
        {
          "schema_version": 0,
          "attributes": {
            "auto_resume": true,
            "auto_suspend": 60,
            "comment": "Small warehouse for marketers.",
            "id": "WH_SMALL_MARKETING",
            "initially_suspended": null,
            "max_cluster_count": 0,
            "max_concurrency_level": 0,
            "min_cluster_count": 0,
            "name": "WH_SMALL_MARKETING",
            "resource_monitor": "null",
            "scaling_policy": "",
            "statement_queued_timeout_in_seconds": 0,
            "statement_timeout_in_seconds": 0,
            "wait_for_provisioning": null,
            "warehouse_size": "Small"
          },
          "sensitive_attributes": [],
          "private": "bnVsbA=="
        }
      ]
    },
    {
      "module": "module.WH_SMALL_MARKETING",
      "mode": "managed",
      "type": "snowflake_warehouse_grant",
      "name": "WAREHOUSE_GRANT",
      "provider": "provider[\"registry.terraform.io/chanzuckerberg/snowflake\"]",
      "instances": [
        {
          "index_key": "OWNERSHIP",
          "schema_version": 0,
          "attributes": {
            "id": "WH_SMALL_MARKETING|||OWNERSHIP|false",
            "privilege": "OWNERSHIP",
            "roles": [
              "RL_MARKETING"
            ],
            "warehouse_name": "WH_SMALL_MARKETING",
            "with_grant_option": false
          },
          "sensitive_attributes": [],
          "private": "bnVsbA==",
          "dependencies": [
            "module.WH_SMALL_MARKETING.snowflake_warehouse.WAREHOUSE",
            "snowflake_role.RL_MARKETING"
          ]
        },
        {
          "index_key": "USAGE",
          "schema_version": 0,
          "attributes": {
            "id": "WH_SMALL_MARKETING|||USAGE|false",
            "privilege": "USAGE",
            "roles": [
              "RL_MARKETING"
            ],
            "warehouse_name": "WH_SMALL_MARKETING",
            "with_grant_option": false
          },
          "sensitive_attributes": [],
          "private": "bnVsbA==",
          "dependencies": [
            "module.WH_SMALL_MARKETING.snowflake_warehouse.WAREHOUSE",
            "snowflake_role.RL_MARKETING"
          ]
        }
      ]
    }
  ]
}
